Microsoft Visual Studio Solution File, Format Version 12.00
# Visual Studio Version 16
VisualStudioVersion = 16.0.30320.27
MinimumVisualStudioVersion = 10.0.40219.1
Project("{9A19103F-16F7-4668-BE54-9A1E7A4F7556}") = "CloudCityCakeCo", "CloudCityCakeCo.csproj", "{D9BA9F79-2F51-46B0-BEFF-806CBF328EE4}"
EndProject
Global
	GlobalSection(SolutionConfigurationPlatforms) = preSolution
		Debug|Any CPU = Debug|Any CPU
		Release|Any CPU = Release|Any CPU
	EndGlobalSection
	GlobalSection(ProjectConfigurationPlatforms) = postSolution
		{D9BA9F79-2F51-46B0-BEFF-806CBF328EE4}.Debug|Any CPU.ActiveCfg = Debug|Any CPU
		{D9BA9F79-2F51-46B0-BEFF-806CBF328EE4}.Debug|Any CPU.Build.0 = Debug|Any CPU
		{D9BA9F79-2F51-46B0-BEFF-806CBF328EE4}.Release|Any CPU.ActiveCfg = Release|Any CPU
		{D9BA9F79-2F51-46B0-BEFF-806CBF328EE4}.Release|Any CPU.Build.0 = Release|Any CPU
	EndGlobalSection
	GlobalSection(SolutionProperties) = preSolution
		HideSolutionNode = FALSE
	EndGlobalSection
	GlobalSection(ExtensibilityGlobals) = postSolution
		SolutionGuid = {8EE5722C-8F1E-4752-B8A7-21CB6E25ED50}
	EndGlobalSection
EndGlobal
